lockfile_version: '1'
generated_at: '2026-06-18T10:58:03.196115+00:00'
apm_version: 0.20.0
dependencies:
- repo_url: _local/yuma-design-system
  package_type: apm_package
  deployed_files:
  - .agents/skills/yuma-design-system
  - .agents/skills/yuma-design-system/SKILL.md
  - .agents/skills/yuma-design-system/references/Yuma_Symbol_Black-RGB.png
  - .agents/skills/yuma-design-system/references/Yuma_Symbol_Black-RGB.svg
  - .agents/skills/yuma-design-system/references/Yuma_Symbol_White-RGB.png
  - .agents/skills/yuma-design-system/references/Yuma_Symbol_White-RGB.svg
  - .agents/skills/yuma-design-system/references/Yuma_Wordmark_Black-RGB.png
  - .agents/skills/yuma-design-system/references/Yuma_Wordmark_Black-RGB.svg
  - .agents/skills/yuma-design-system/references/Yuma_Wordmark_White-RGB.png
  - .agents/skills/yuma-design-system/references/Yuma_Wordmark_White-RGB.svg
  - .agents/skills/yuma-design-system/references/Yuma_logo_Black-RGB.png
  - .agents/skills/yuma-design-system/references/Yuma_logo_Black-RGB.svg
  - .agents/skills/yuma-design-system/references/Yuma_logo_White-RGB.png
  - .agents/skills/yuma-design-system/references/Yuma_logo_White-RGB.svg
  - .agents/skills/yuma-design-system/references/yuma-bg-closing-pink.png
  - .agents/skills/yuma-design-system/references/yuma-bg-content-subtle.png
  - .agents/skills/yuma-design-system/references/yuma-bg-section-green.png
  - .agents/skills/yuma-design-system/references/yuma-bg-title-green.png
  deployed_file_hashes:
    .agents/skills/yuma-design-system/SKILL.md: sha256:6839e3a4bf6cacedcb0a2d9ab28a5eb3b68ee66362b4343b68cec724024f0517
    .agents/skills/yuma-design-system/references/Yuma_Symbol_Black-RGB.png: sha256:c81306ce82f8cbb8ef9247e8b52560330e7bfa245c81a06207391a4c20afc73f
    .agents/skills/yuma-design-system/references/Yuma_Symbol_Black-RGB.svg: sha256:a8b4c53a01feb78d9b5903ac0358d9e8d15eccd28431496295d181d2e5b28d97
    .agents/skills/yuma-design-system/references/Yuma_Symbol_White-RGB.png: sha256:963e778b769334958e5e79d164f4aeeecb3a1959ca1ce3ae4282c0b8ceacf64b
    .agents/skills/yuma-design-system/references/Yuma_Symbol_White-RGB.svg: sha256:2a092eeee7f536f5f1e225870b61b3ea1a357c06e1d022526a280e404264f47e
    .agents/skills/yuma-design-system/references/Yuma_Wordmark_Black-RGB.png: sha256:8ab5862031b4511fd2d0b4136f98c065c8f80e7da8eaa29b181cc1ee87bec9d8
    .agents/skills/yuma-design-system/references/Yuma_Wordmark_Black-RGB.svg: sha256:280f1280fb109b79119fa1672ff74257316feabfbd47f38acfbe3452bb355fc2
    .agents/skills/yuma-design-system/references/Yuma_Wordmark_White-RGB.png: sha256:087ac14511b32cd48496775d74da4ab4ada8df9719b8685337b8da26e2f0c258
    .agents/skills/yuma-design-system/references/Yuma_Wordmark_White-RGB.svg: sha256:838c22f342c12373999ba4c641dabdd40af2ae5ce0681ba7b74b975ee874c260
    .agents/skills/yuma-design-system/references/Yuma_logo_Black-RGB.png: sha256:37072f337864e34c340b1a4b896c1f91e526e061ba9ab05496c42629161c93d4
    .agents/skills/yuma-design-system/references/Yuma_logo_Black-RGB.svg: sha256:c87304844133382e757a2e98a78d57ff7ec9148eb4c639dcc6e61088913949e5
    .agents/skills/yuma-design-system/references/Yuma_logo_White-RGB.png: sha256:7f69cdf646463827cf46812dcb46cce454db64a3bd764db3621bcde6843298a5
    .agents/skills/yuma-design-system/references/Yuma_logo_White-RGB.svg: sha256:0d7a36d6a1e83b773a75ba9049f02cc6cf7a8204c7086ffc48fc976680735fb6
    .agents/skills/yuma-design-system/references/yuma-bg-closing-pink.png: sha256:bedc75cea24671ca1872e549beb59fc308fb9688328360d2292347955a210fae
    .agents/skills/yuma-design-system/references/yuma-bg-content-subtle.png: sha256:4b4c2f665179900a4e37715417d6480e2efb959dab03af7ee715244c99bbf8d6
    .agents/skills/yuma-design-system/references/yuma-bg-section-green.png: sha256:0109bbee501427f42e254761000a86ba64202a79b6cec53c0a57dbbc312da99d
    .agents/skills/yuma-design-system/references/yuma-bg-title-green.png: sha256:3d6f16cf842ba927f2815bbebd6cfab9ec8b548d762fcd4f83705d257d8da385
  source: local
  local_path: ../yuma-design-system
- repo_url: anthropics/skills
  host: github.com
  resolved_commit: 57546260929473d4e0d1c1bb75297be2fdfa1949
  virtual_path: skills/pptx
  is_virtual: true
  package_type: claude_skill
  deployed_files:
  - .agents/skills/pptx
  - .agents/skills/pptx/LICENSE.txt
  - .agents/skills/pptx/SKILL.md
  - .agents/skills/pptx/editing.md
  - .agents/skills/pptx/pptxgenjs.md
  - .agents/skills/pptx/scripts/__init__.py
  - .agents/skills/pptx/scripts/add_slide.py
  - .agents/skills/pptx/scripts/clean.py
  - .agents/skills/pptx/scripts/office/helpers/__init__.py
  - .agents/skills/pptx/scripts/office/helpers/merge_runs.py
  - .agents/skills/pptx/scripts/office/helpers/simplify_redlines.py
  - .agents/skills/pptx/scripts/office/pack.py
  - .agents/skills/pptx/scripts/office/schemas/ISO-IEC29500-4_2016/dml-chart.xsd
  - .agents/skills/pptx/scripts/office/schemas/ISO-IEC29500-4_2016/dml-chartDrawing.xsd
  - .agents/skills/pptx/scripts/office/schemas/ISO-IEC29500-4_2016/dml-diagram.xsd
  - .agents/skills/pptx/scripts/office/schemas/ISO-IEC29500-4_2016/dml-lockedCanvas.xsd
  - .agents/skills/pptx/scripts/office/schemas/ISO-IEC29500-4_2016/dml-main.xsd
  - .agents/skills/pptx/scripts/office/schemas/ISO-IEC29500-4_2016/dml-picture.xsd
  - .agents/skills/pptx/scripts/office/schemas/ISO-IEC29500-4_2016/dml-spreadsheetDrawing.xsd
  - .agents/skills/pptx/scripts/office/schemas/ISO-IEC29500-4_2016/dml-wordprocessingDrawing.xsd
  - .agents/skills/pptx/scripts/office/schemas/ISO-IEC29500-4_2016/pml.xsd
  - .agents/skills/pptx/scripts/office/schemas/ISO-IEC29500-4_2016/shared-additionalCharacteristics.xsd
  - .agents/skills/pptx/scripts/office/schemas/ISO-IEC29500-4_2016/shared-bibliography.xsd
  - .agents/skills/pptx/scripts/office/schemas/ISO-IEC29500-4_2016/shared-commonSimpleTypes.xsd
  - .agents/skills/pptx/scripts/office/schemas/ISO-IEC29500-4_2016/shared-customXmlDataProperties.xsd
  - .agents/skills/pptx/scripts/office/schemas/ISO-IEC29500-4_2016/shared-customXmlSchemaProperties.xsd
  - .agents/skills/pptx/scripts/office/schemas/ISO-IEC29500-4_2016/shared-documentPropertiesCustom.xsd
  - .agents/skills/pptx/scripts/office/schemas/ISO-IEC29500-4_2016/shared-documentPropertiesExtended.xsd
  - .agents/skills/pptx/scripts/office/schemas/ISO-IEC29500-4_2016/shared-documentPropertiesVariantTypes.xsd
  - .agents/skills/pptx/scripts/office/schemas/ISO-IEC29500-4_2016/shared-math.xsd
  - .agents/skills/pptx/scripts/office/schemas/ISO-IEC29500-4_2016/shared-relationshipReference.xsd
  - .agents/skills/pptx/scripts/office/schemas/ISO-IEC29500-4_2016/sml.xsd
  - .agents/skills/pptx/scripts/office/schemas/ISO-IEC29500-4_2016/vml-main.xsd
  - .agents/skills/pptx/scripts/office/schemas/ISO-IEC29500-4_2016/vml-officeDrawing.xsd
  - .agents/skills/pptx/scripts/office/schemas/ISO-IEC29500-4_2016/vml-presentationDrawing.xsd
  - .agents/skills/pptx/scripts/office/schemas/ISO-IEC29500-4_2016/vml-spreadsheetDrawing.xsd
  - .agents/skills/pptx/scripts/office/schemas/ISO-IEC29500-4_2016/vml-wordprocessingDrawing.xsd
  - .agents/skills/pptx/scripts/office/schemas/ISO-IEC29500-4_2016/wml.xsd
  - .agents/skills/pptx/scripts/office/schemas/ISO-IEC29500-4_2016/xml.xsd
  - .agents/skills/pptx/scripts/office/schemas/ecma/fouth-edition/opc-contentTypes.xsd
  - .agents/skills/pptx/scripts/office/schemas/ecma/fouth-edition/opc-coreProperties.xsd
  - .agents/skills/pptx/scripts/office/schemas/ecma/fouth-edition/opc-digSig.xsd
  - .agents/skills/pptx/scripts/office/schemas/ecma/fouth-edition/opc-relationships.xsd
  - .agents/skills/pptx/scripts/office/schemas/mce/mc.xsd
  - .agents/skills/pptx/scripts/office/schemas/microsoft/wml-2010.xsd
  - .agents/skills/pptx/scripts/office/schemas/microsoft/wml-2012.xsd
  - .agents/skills/pptx/scripts/office/schemas/microsoft/wml-2018.xsd
  - .agents/skills/pptx/scripts/office/schemas/microsoft/wml-cex-2018.xsd
  - .agents/skills/pptx/scripts/office/schemas/microsoft/wml-cid-2016.xsd
  - .agents/skills/pptx/scripts/office/schemas/microsoft/wml-sdtdatahash-2020.xsd
  - .agents/skills/pptx/scripts/office/schemas/microsoft/wml-symex-2015.xsd
  - .agents/skills/pptx/scripts/office/soffice.py
  - .agents/skills/pptx/scripts/office/unpack.py
  - .agents/skills/pptx/scripts/office/validate.py
  - .agents/skills/pptx/scripts/office/validators/__init__.py
  - .agents/skills/pptx/scripts/office/validators/base.py
  - .agents/skills/pptx/scripts/office/validators/docx.py
  - .agents/skills/pptx/scripts/office/validators/pptx.py
  - .agents/skills/pptx/scripts/office/validators/redlining.py
  - .agents/skills/pptx/scripts/thumbnail.py
  deployed_file_hashes:
    .agents/skills/pptx/LICENSE.txt: sha256:79f6d8f5b427252fa3b1c11ecdbdb6bf610b944f7530b4de78f770f38741cfaa
    .agents/skills/pptx/SKILL.md: sha256:e5b0df918cbe9d62508b3cf808d73899633f82fc19f6258a25ef9f0de7e62125
    .agents/skills/pptx/editing.md: sha256:6cb47c3ab17e60b7de37e83131c409ef5a90a01bfb54e999905a9c9f7dd88e68
    .agents/skills/pptx/pptxgenjs.md: sha256:9539534d92b7170813b735a448750df3580390da2da6c52a02b687ed53ecba86
    .agents/skills/pptx/scripts/__init__.py: sha256:e3b0c44298fc1c149afbf4c8996fb92427ae41e4649b934ca495991b7852b855
    .agents/skills/pptx/scripts/add_slide.py: sha256:04233ba3932c6b8611677347891616456e243cc09b7f9769408b8c83d9acfe64
    .agents/skills/pptx/scripts/clean.py: sha256:3e3966a17f488a1ddc7145f0b7ec9f25595afa1f3a427ab05e610f1a328feea9
    .agents/skills/pptx/scripts/office/helpers/__init__.py: sha256:e3b0c44298fc1c149afbf4c8996fb92427ae41e4649b934ca495991b7852b855
    .agents/skills/pptx/scripts/office/helpers/merge_runs.py: sha256:7c40ed838b88639c51f9ffdcfd564b568f26832b78fe44008c0e01b742669ca7
    .agents/skills/pptx/scripts/office/helpers/simplify_redlines.py: sha256:560cb55978a834c505406eb18e2c61f62f998fc7a2d8e9721b9c563b42597896
    .agents/skills/pptx/scripts/office/pack.py: sha256:b1800987e568261a31f462df8e1303d386e9e6ccc11a75ef46e60cc528c20683
    .agents/skills/pptx/scripts/office/schemas/ISO-IEC29500-4_2016/dml-chart.xsd: sha256:41b93bd8857cc68b1e43be2806a872d736a9bdd6566900062d8fdb57d7bbb354
    .agents/skills/pptx/scripts/office/schemas/ISO-IEC29500-4_2016/dml-chartDrawing.xsd: sha256:3fd0586f2637b98bb9886f0e0b67d89e1cc987c2d158cc7deb5f5b9890ced412
    .agents/skills/pptx/scripts/office/schemas/ISO-IEC29500-4_2016/dml-diagram.xsd: sha256:29b254ee0d10414a8504b5a08149c7baec35a60d5ff607d6b3f492aa36815f40
    .agents/skills/pptx/scripts/office/schemas/ISO-IEC29500-4_2016/dml-lockedCanvas.xsd: sha256:5cb76dabd8b97d1e9308a1700b90c20139be4d50792d21a7f09789f5cccd6026
    .agents/skills/pptx/scripts/office/schemas/ISO-IEC29500-4_2016/dml-main.xsd: sha256:5375417f0f5394b8dd1a7035b9679151f19a6b65df309dec10cfb4a420cb00e9
    .agents/skills/pptx/scripts/office/schemas/ISO-IEC29500-4_2016/dml-picture.xsd: sha256:5d389d42befbebd91945d620242347caecd3367f9a3a7cf8d97949507ae1f53c
    .agents/skills/pptx/scripts/office/schemas/ISO-IEC29500-4_2016/dml-spreadsheetDrawing.xsd: sha256:b4532b6d258832953fbb3ee4c711f4fe25d3faf46a10644b2505f17010d01e88
    .agents/skills/pptx/scripts/office/schemas/ISO-IEC29500-4_2016/dml-wordprocessingDrawing.xsd: sha256:bdad416b096b61d37b71603b2c949484f9070c830bdaeba93bf35e15c8900614
    .agents/skills/pptx/scripts/office/schemas/ISO-IEC29500-4_2016/pml.xsd: sha256:d173c3e5d61e42e2e3a97226c632fd2ab7cc481fc4e492365b87024ab546daff
    .agents/skills/pptx/scripts/office/schemas/ISO-IEC29500-4_2016/shared-additionalCharacteristics.xsd: sha256:3c6709101c6aaa82888df5d8795c33f9e857196790eb320d9194e64be2b6bdd8
    .agents/skills/pptx/scripts/office/schemas/ISO-IEC29500-4_2016/shared-bibliography.xsd: sha256:0b364451dc36a48dd6dae0f3b6ada05fd9b71e5208211f8ee5537d7e51a587e2
    .agents/skills/pptx/scripts/office/schemas/ISO-IEC29500-4_2016/shared-commonSimpleTypes.xsd: sha256:e2abacbb9a55ce1365f8961bc1b1395bbc811e512b111000d8c333f98458dece
    .agents/skills/pptx/scripts/office/schemas/ISO-IEC29500-4_2016/shared-customXmlDataProperties.xsd: sha256:0ef4bb354ff44b923564c4ddbdda5987919d220225129ec94614a618ceafc281
    .agents/skills/pptx/scripts/office/schemas/ISO-IEC29500-4_2016/shared-customXmlSchemaProperties.xsd: sha256:0d103b99a4a8652f8871552a69d42d2a3760ac6a5e3ef02d979c4273257ff6a4
    .agents/skills/pptx/scripts/office/schemas/ISO-IEC29500-4_2016/shared-documentPropertiesCustom.xsd: sha256:9c085407751b9061c1f996f6c39ce58451be22a8d334f09175f0e89e42736285
    .agents/skills/pptx/scripts/office/schemas/ISO-IEC29500-4_2016/shared-documentPropertiesExtended.xsd: sha256:bc92e36ccd233722d4c5869bec71ddc7b12e2df56059942cce5a39065cc9c368
    .agents/skills/pptx/scripts/office/schemas/ISO-IEC29500-4_2016/shared-documentPropertiesVariantTypes.xsd: sha256:7b5b7413e2c895b1e148e82e292a117d53c7ec65b0696c992edca57b61b4a74b
    .agents/skills/pptx/scripts/office/schemas/ISO-IEC29500-4_2016/shared-math.xsd: sha256:3213ef1631606250f5010b42cad7ef716f7c59426367798e33c374c0ec391d3a
    .agents/skills/pptx/scripts/office/schemas/ISO-IEC29500-4_2016/shared-relationshipReference.xsd: sha256:12264f3c03d738311cd9237d212f1c07479e70f0cbe1ae725d29b36539aef637
    .agents/skills/pptx/scripts/office/schemas/ISO-IEC29500-4_2016/sml.xsd: sha256:beffeed56945c22a77440122c8bdc426f3fcbe7f3b12ea0976c770d1f8d54578
    .agents/skills/pptx/scripts/office/schemas/ISO-IEC29500-4_2016/vml-main.xsd: sha256:f5ee623b08b6a66935e5aced2f5d8ad0fc71bf9e8e833cd490150c0fa94b8763
    .agents/skills/pptx/scripts/office/schemas/ISO-IEC29500-4_2016/vml-officeDrawing.xsd: sha256:585bedc1313b40888dcc544cb74cd939a105ee674f3b1d3aa1cc6d34f70ff155
    .agents/skills/pptx/scripts/office/schemas/ISO-IEC29500-4_2016/vml-presentationDrawing.xsd: sha256:133c9f64a5c5d573b78d0a474122b22506d8eadb5e063f67cdbbb8fa2f161d0e
    .agents/skills/pptx/scripts/office/schemas/ISO-IEC29500-4_2016/vml-spreadsheetDrawing.xsd: sha256:6bdeb169c3717eb01108853bd9fc5a3750fb1fa5b82abbdd854d49855a40f519
    .agents/skills/pptx/scripts/office/schemas/ISO-IEC29500-4_2016/vml-wordprocessingDrawing.xsd: sha256:475dcae1e7d1ea46232db6f8481040c15e53a52a3c256831d3df204212b0e831
    .agents/skills/pptx/scripts/office/schemas/ISO-IEC29500-4_2016/wml.xsd: sha256:c2dd9f61f892deae6acd8d20771ea79b12018af25f3bf8d06639c8542d218cfd
    .agents/skills/pptx/scripts/office/schemas/ISO-IEC29500-4_2016/xml.xsd: sha256:a539aa2fb154fa50e0f5cc97e6ad7cbc66f8ec3e3746f61ec6a8b0d5d15ecdf2
    .agents/skills/pptx/scripts/office/schemas/ecma/fouth-edition/opc-contentTypes.xsd: sha256:9e0b7209fc69ab11987900404540969976000c5ebe4d4f58c43dc3842886bf3a
    .agents/skills/pptx/scripts/office/schemas/ecma/fouth-edition/opc-coreProperties.xsd: sha256:451958454e8588dfc7cd945981ada142ca06ff3307937f5700df059c2b307fa8
    .agents/skills/pptx/scripts/office/schemas/ecma/fouth-edition/opc-digSig.xsd: sha256:6de111e11403f7cd49027400755bae0ea1cabef2815f09bd40a24f0017613b24
    .agents/skills/pptx/scripts/office/schemas/ecma/fouth-edition/opc-relationships.xsd: sha256:f565adfef5a502044abc3a9153e157edc25af78304d335994afb958874b15e26
    .agents/skills/pptx/scripts/office/schemas/mce/mc.xsd: sha256:3a37e461ecf5a8670fdec34029703401f8728ab9c96ec1739a6ae58d55212413
    .agents/skills/pptx/scripts/office/schemas/microsoft/wml-2010.xsd: sha256:568b26ee156cb9549aa439ca2158965f77b7c1602b7e0316f40ac6cf586e35f2
    .agents/skills/pptx/scripts/office/schemas/microsoft/wml-2012.xsd: sha256:0fa75578a000439a7988ba0c59fdc69f774bbd416cbacc14d07125b3f686cb74
    .agents/skills/pptx/scripts/office/schemas/microsoft/wml-2018.xsd: sha256:be0ff793a22dd31384650c3a4da14c2fa8062751c2e97b0e5ee852bda13c60ad
    .agents/skills/pptx/scripts/office/schemas/microsoft/wml-cex-2018.xsd: sha256:fddc2b880cabb9005aebbc7e783e53c19fec1c03df7d0e2f2076a33a0fdfd081
    .agents/skills/pptx/scripts/office/schemas/microsoft/wml-cid-2016.xsd: sha256:127ca209fa73d7cb708449cb355c871867948a96e4a74f7bf5811ef62d17991d
    .agents/skills/pptx/scripts/office/schemas/microsoft/wml-sdtdatahash-2020.xsd: sha256:842e7163409c8d74f4d7088a8bc99500d80bc75332681a0980055b08f374a604
    .agents/skills/pptx/scripts/office/schemas/microsoft/wml-symex-2015.xsd: sha256:16f6f8072249f431370723c2cd8974672e0d9c897e00e97dd918079df934871b
    .agents/skills/pptx/scripts/office/soffice.py: sha256:a3e21840e29e32f947d5286028931b96eaf2dee63f75d883b8eb19c943c80aa0
    .agents/skills/pptx/scripts/office/unpack.py: sha256:83f69cecc87910183654c06345837244402e8a99edbf3bdddc1cf72f11304b62
    .agents/skills/pptx/scripts/office/validate.py: sha256:1aef24f8e316965a0584c30859776bd2c82a9fb69f72d79cfed041119cf95514
    .agents/skills/pptx/scripts/office/validators/__init__.py: sha256:83e0f035c5abea238d3f2c3968afbd511ed022b527b7c9cb60a9434cc34ff987
    .agents/skills/pptx/scripts/office/validators/base.py: sha256:d6358b67252df4dbfe4fa6647423a765960c949346ef6a8c4eb8722bb1108d25
    .agents/skills/pptx/scripts/office/validators/docx.py: sha256:0ef04ce86b2e6b6a1cb088c0276fd0bd5b770d96fdfe7a6cc73d005feb3f0345
    .agents/skills/pptx/scripts/office/validators/pptx.py: sha256:f937961e62a5fa0d002b8dc51a4c4e2cd8fcd59fe65853fa54edaca3fe99eccc
    .agents/skills/pptx/scripts/office/validators/redlining.py: sha256:f4c33fdb9da0651d1d9aa76f0d5294cc9955869339ae131b2f75f3b2e366cb40
    .agents/skills/pptx/scripts/thumbnail.py: sha256:e959ecd4f19735161218bc44d0648a46da17874323fb3e19c2e9cb50cefe6ce7
  content_hash: sha256:fe530e7c549627879d4b333f11330f966730054003c7f11b520b5f2e0401e8cd
